
Microsoft Visual Studio Solution File, Format Version 12.00
# Visual Studio Version 17
VisualStudioVersion = 17.3.32901.215
MinimumVisualStudioVersion = 10.0.40219.1
Project("{FAE04EC0-301F-11D3-BF4B-00C04F79EFBC}") = "CalculatorFinal", "CalculatorFinal\CalculatorFinal.csproj", "{23A04F86-309F-4204-883D-38A7381D5DB1}"
EndProject
Global
	GlobalSection(SolutionConfigurationPlatforms) = preSolution
		Debug|Any CPU = Debug|Any CPU
		Release|Any CPU = Release|Any CPU
	EndGlobalSection
	GlobalSection(ProjectConfigurationPlatforms) = postSolution
		{23A04F86-309F-4204-883D-38A7381D5DB1}.Debug|Any CPU.ActiveCfg = Debug|Any CPU
		{23A04F86-309F-4204-883D-38A7381D5DB1}.Debug|Any CPU.Build.0 = Debug|Any CPU
		{23A04F86-309F-4204-883D-38A7381D5DB1}.Release|Any CPU.ActiveCfg = Release|Any CPU
		{23A04F86-309F-4204-883D-38A7381D5DB1}.Release|Any CPU.Build.0 = Release|Any CPU
	EndGlobalSection
	GlobalSection(SolutionProperties) = preSolution
		HideSolutionNode = FALSE
	EndGlobalSection
	GlobalSection(ExtensibilityGlobals) = postSolution
		SolutionGuid = {7C38C4F6-BD12-4354-89E7-D415944F32F4}
	EndGlobalSection
EndGlobal
